// !$*UTF8*$!
{
	archiveVersion = 1;
	classes = {
	};
	objectVersion = 46;
	objects = {

/* Begin PBXBuildFile section */
		CE25EF5F1D34133600F2EEA4 /* AppDelegate.swift in Sources */ = {isa = PBXBuildFile; fileRef = CE25EF5E1D34133600F2EEA4 /* AppDelegate.swift */; };
		CE25EF611D34133600F2EEA4 /* GameScene.sks in Resources */ = {isa = PBXBuildFile; fileRef = CE25EF601D34133600F2EEA4 /* GameScene.sks */; };
		CE25EF631D34133600F2EEA4 /* GameScene.swift in Sources */ = {isa = PBXBuildFile; fileRef = CE25EF621D34133600F2EEA4 /* GameScene.swift */; };
		CE25EF651D34133600F2EEA4 /* GameViewController.swift in Sources */ = {isa = PBXBuildFile; fileRef = CE25EF641D34133600F2EEA4 /* GameViewController.swift */; };
		CE25EF681D34133600F2EEA4 /* Main.storyboard in Resources */ = {isa = PBXBuildFile; fileRef = CE25EF661D34133600F2EEA4 /* Main.storyboard */; };
		CE25EF6A1D34133600F2EEA4 /* Assets.xcassets in Resources */ = {isa = PBXBuildFile; fileRef = CE25EF691D34133600F2EEA4 /* Assets.xcassets */; };
		CE25EF6D1D34133600F2EEA4 /* LaunchScreen.storyboard in Resources */ = {isa = PBXBuildFile; fileRef = CE25EF6B1D34133600F2EEA4 /* LaunchScreen.storyboard */; };
		CE25EF781D34133600F2EEA4 /* EmojiGameTests.swift in Sources */ = {isa = PBXBuildFile; fileRef = CE25EF771D34133600F2EEA4 /* EmojiGameTests.swift */; };
		CE25EF831D34133600F2EEA4 /* EmojiGameUITests.swift in Sources */ = {isa = PBXBuildFile; fileRef = CE25EF821D34133600F2EEA4 /* EmojiGameUITests.swift */; };
		CE25EFA01D36C17D00F2EEA4 /* MainCharacter.sks in Resources */ = {isa = PBXBuildFile; fileRef = CE25EF9F1D36C17D00F2EEA4 /* MainCharacter.sks */; };
		CE25EFC71D36F39B00F2EEA4 /* CGFloat+Extensions.swift in Sources */ = {isa = PBXBuildFile; fileRef = CE25EFBB1D36F39B00F2EEA4 /* CGFloat+Extensions.swift */; };
		CE25EFC81D36F39B00F2EEA4 /* CGPoint+Extensions.swift in Sources */ = {isa = PBXBuildFile; fileRef = CE25EFBC1D36F39B00F2EEA4 /* CGPoint+Extensions.swift */; };
		CE25EFC91D36F39B00F2EEA4 /* CGVector+Extensions.swift in Sources */ = {isa = PBXBuildFile; fileRef = CE25EFBD1D36F39B00F2EEA4 /* CGVector+Extensions.swift */; };
		CE25EFCA1D36F39B00F2EEA4 /* Int+Extensions.swift in Sources */ = {isa = PBXBuildFile; fileRef = CE25EFBE1D36F39B00F2EEA4 /* Int+Extensions.swift */; };
		CE25EFCB1D36F39B00F2EEA4 /* SKAction+Extensions.swift in Sources */ = {isa = PBXBuildFile; fileRef = CE25EFBF1D36F39B00F2EEA4 /* SKAction+Extensions.swift */; };
		CE25EFCC1D36F39B00F2EEA4 /* SKAction+SpecialEffects.swift in Sources */ = {isa = PBXBuildFile; fileRef = CE25EFC01D36F39B00F2EEA4 /* SKAction+SpecialEffects.swift */; };
		CE25EFCD1D36F39B00F2EEA4 /* SKColor+Extensions.swift in Sources */ = {isa = PBXBuildFile; fileRef = CE25EFC11D36F39B00F2EEA4 /* SKColor+Extensions.swift */; };
		CE25EFCE1D36F39B00F2EEA4 /* SKNode+Extensions.swift in Sources */ = {isa = PBXBuildFile; fileRef = CE25EFC21D36F39B00F2EEA4 /* SKNode+Extensions.swift */; };
		CE25EFCF1D36F39B00F2EEA4 /* SKTAudio.swift in Sources */ = {isa = PBXBuildFile; fileRef = CE25EFC31D36F39B00F2EEA4 /* SKTAudio.swift */; };
		CE25EFD01D36F39B00F2EEA4 /* SKTEffects.swift in Sources */ = {isa = PBXBuildFile; fileRef = CE25EFC41D36F39B00F2EEA4 /* SKTEffects.swift */; };
		CE25EFD11D36F39B00F2EEA4 /* SKTTimingFunctions.swift in Sources */ = {isa = PBXBuildFile; fileRef = CE25EFC51D36F39B00F2EEA4 /* SKTTimingFunctions.swift */; };
		CE25EFD21D36F39B00F2EEA4 /* Vector3.swift in Sources */ = {isa = PBXBuildFile; fileRef = CE25EFC61D36F39B00F2EEA4 /* Vector3.swift */; };
		CE25EFDA1D384A3500F2EEA4 /* Jungle.sks in Resources */ = {isa = PBXBuildFile; fileRef = CE25EFD91D384A3500F2EEA4 /* Jungle.sks */; };
		CE3DD9111D3860D80009F3B0 /* MSReferenceNode.swift in Sources */ = {isa = PBXBuildFile; fileRef = CE3DD9101D3860D80009F3B0 /* MSReferenceNode.swift */; };
		CE3DD9161D386B5D0009F3B0 /* greenLandscapeBackground_EmojiGame.png in Resources */ = {isa = PBXBuildFile; fileRef = CE3DD9131D386B5D0009F3B0 /* greenLandscapeBackground_EmojiGame.png */; };
		CE3DD9171D386B5D0009F3B0 /* ground_EmojiGame.png in Resources */ = {isa = PBXBuildFile; fileRef = CE3DD9141D386B5D0009F3B0 /* ground_EmojiGame.png */; };
		CE3DD9181D386B5D0009F3B0 /* mainCharacterEmojiGame.png in Resources */ = {isa = PBXBuildFile; fileRef = CE3DD9151D386B5D0009F3B0 /* mainCharacterEmojiGame.png */; };
		CE9571F11D3873390018442B /* Jungle.swift in Sources */ = {isa = PBXBuildFile; fileRef = CE9571F01D3873390018442B /* Jungle.swift */; };
		CEE848941D3E9C4600FF800E /* rollingFaceEmojiGame.png in Resources */ = {isa = PBXBuildFile; fileRef = CEE848931D3E9C4600FF800E /* rollingFaceEmojiGame.png */; };
		CEE848961D3EC61B00FF800E /* Monkey.sks in Resources */ = {isa = PBXBuildFile; fileRef = CEE848951D3EC61B00FF800E /* Monkey.sks */; };
		CEE848981D3ECD8900FF800E /* monkeyFaceEmojiGame.png in Resources */ = {isa = PBXBuildFile; fileRef = CEE848971D3ECD8900FF800E /* monkeyFaceEmojiGame.png */; };
		CEE8489A1D3ED33200FF800E /* MonkeyTree1.sks in Resources */ = {isa = PBXBuildFile; fileRef = CEE848991D3ED33200FF800E /* MonkeyTree1.sks */; };
		CEE8489E1D3EE85500FF800E /* MonkeyTree1.png in Resources */ = {isa = PBXBuildFile; fileRef = CEE8489D1D3EE85500FF800E /* MonkeyTree1.png */; };
/* End PBXBuildFile section */

/* Begin PBXContainerItemProxy section */
		CE25EF741D34133600F2EEA4 /* PBXContainerItemProxy */ = {
			isa = PBXContainerItemProxy;
			containerPortal = CE25EF531D34133600F2EEA4 /* Project object */;
			proxyType = 1;
			remoteGlobalIDString = CE25EF5A1D34133600F2EEA4;
			remoteInfo = EmojiGame;
		};
		CE25EF7F1D34133600F2EEA4 /* PBXContainerItemProxy */ = {
			isa = PBXContainerItemProxy;
			containerPortal = CE25EF531D34133600F2EEA4 /* Project object */;
			proxyType = 1;
			remoteGlobalIDString = CE25EF5A1D34133600F2EEA4;
			remoteInfo = EmojiGame;
		};
/* End PBXContainerItemProxy section */

/* Begin PBXFileReference section */
		CE25EF5B1D34133600F2EEA4 /* EmojiGame.app */ = {isa = PBXFileReference; explicitFileType = wrapper.application; includeInIndex = 0; path = EmojiGame.app; sourceTree = BUILT_PRODUCTS_DIR; };
		CE25EF5E1D34133600F2EEA4 /* AppDelegate.swift */ = {isa = PBXFileReference; lastKnownFileType = sourcecode.swift; path = AppDelegate.swift; sourceTree = "<group>"; };
		CE25EF601D34133600F2EEA4 /* GameScene.sks */ = {isa = PBXFileReference; lastKnownFileType = file.sks; path = GameScene.sks; sourceTree = "<group>"; };
		CE25EF621D34133600F2EEA4 /* GameScene.swift */ = {isa = PBXFileReference; lastKnownFileType = sourcecode.swift; path = GameScene.swift; sourceTree = "<group>"; };
		CE25EF641D34133600F2EEA4 /* GameViewController.swift */ = {isa = PBXFileReference; lastKnownFileType = sourcecode.swift; path = GameViewController.swift; sourceTree = "<group>"; };
		CE25EF671D34133600F2EEA4 /* Base */ = {isa = PBXFileReference; lastKnownFileType = file.storyboard; name = Base; path = Base.lproj/Main.storyboard; sourceTree = "<group>"; };
		CE25EF691D34133600F2EEA4 /* Assets.xcassets */ = {isa = PBXFileReference; lastKnownFileType = folder.assetcatalog; path = Assets.xcassets; sourceTree = "<group>"; };
		CE25EF6C1D34133600F2EEA4 /* Base */ = {isa = PBXFileReference; lastKnownFileType = file.storyboard; name = Base; path = Base.lproj/LaunchScreen.storyboard; sourceTree = "<group>"; };
		CE25EF6E1D34133600F2EEA4 /* Info.plist */ = {isa = PBXFileReference; lastKnownFileType = text.plist.xml; path = Info.plist; sourceTree = "<group>"; };
		CE25EF731D34133600F2EEA4 /* EmojiGameTests.xctest */ = {isa = PBXFileReference; explicitFileType = wrapper.cfbundle; includeInIndex = 0; path = EmojiGameTests.xctest; sourceTree = BUILT_PRODUCTS_DIR; };
		CE25EF771D34133600F2EEA4 /* EmojiGameTests.swift */ = {isa = PBXFileReference; lastKnownFileType = sourcecode.swift; path = EmojiGameTests.swift; sourceTree = "<group>"; };
		CE25EF791D34133600F2EEA4 /* Info.plist */ = {isa = PBXFileReference; lastKnownFileType = text.plist.xml; path = Info.plist; sourceTree = "<group>"; };
		CE25EF7E1D34133600F2EEA4 /* EmojiGameUITests.xctest */ = {isa = PBXFileReference; explicitFileType = wrapper.cfbundle; includeInIndex = 0; path = EmojiGameUITests.xctest; sourceTree = BUILT_PRODUCTS_DIR; };
		CE25EF821D34133600F2EEA4 /* EmojiGameUITests.swift */ = {isa = PBXFileReference; lastKnownFileType = sourcecode.swift; path = EmojiGameUITests.swift; sourceTree = "<group>"; };
		CE25EF841D34133600F2EEA4 /* Info.plist */ = {isa = PBXFileReference; lastKnownFileType = text.plist.xml; path = Info.plist; sourceTree = "<group>"; };
		CE25EF9F1D36C17D00F2EEA4 /* MainCharacter.sks */ = {isa = PBXFileReference; lastKnownFileType = file.sks; path = MainCharacter.sks; sourceTree = "<group>"; };
		CE25EFBB1D36F39B00F2EEA4 /* CGFloat+Extensions.swift */ = {isa = PBXFileReference; fileEncoding = 4; lastKnownFileType = sourcecode.swift; path = "CGFloat+Extensions.swift"; sourceTree = "<group>"; };
		CE25EFBC1D36F39B00F2EEA4 /* CGPoint+Extensions.swift */ = {isa = PBXFileReference; fileEncoding = 4; lastKnownFileType = sourcecode.swift; path = "CGPoint+Extensions.swift"; sourceTree = "<group>"; };
		CE25EFBD1D36F39B00F2EEA4 /* CGVector+Extensions.swift */ = {isa = PBXFileReference; fileEncoding = 4; lastKnownFileType = sourcecode.swift; path = "CGVector+Extensions.swift"; sourceTree = "<group>"; };
		CE25EFBE1D36F39B00F2EEA4 /* Int+Extensions.swift */ = {isa = PBXFileReference; fileEncoding = 4; lastKnownFileType = sourcecode.swift; path = "Int+Extensions.swift"; sourceTree = "<group>"; };
		CE25EFBF1D36F39B00F2EEA4 /* SKAction+Extensions.swift */ = {isa = PBXFileReference; fileEncoding = 4; lastKnownFileType = sourcecode.swift; path = "SKAction+Extensions.swift"; sourceTree = "<group>"; };
		CE25EFC01D36F39B00F2EEA4 /* SKAction+SpecialEffects.swift */ = {isa = PBXFileReference; fileEncoding = 4; lastKnownFileType = sourcecode.swift; path = "SKAction+SpecialEffects.swift"; sourceTree = "<group>"; };
		CE25EFC11D36F39B00F2EEA4 /* SKColor+Extensions.swift */ = {isa = PBXFileReference; fileEncoding = 4; lastKnownFileType = sourcecode.swift; path = "SKColor+Extensions.swift"; sourceTree = "<group>"; };
		CE25EFC21D36F39B00F2EEA4 /* SKNode+Extensions.swift */ = {isa = PBXFileReference; fileEncoding = 4; lastKnownFileType = sourcecode.swift; path = "SKNode+Extensions.swift"; sourceTree = "<group>"; };
		CE25EFC31D36F39B00F2EEA4 /* SKTAudio.swift */ = {isa = PBXFileReference; fileEncoding = 4; lastKnownFileType = sourcecode.swift; path = SKTAudio.swift; sourceTree = "<group>"; };
		CE25EFC41D36F39B00F2EEA4 /* SKTEffects.swift */ = {isa = PBXFileReference; fileEncoding = 4; lastKnownFileType = sourcecode.swift; path = SKTEffects.swift; sourceTree = "<group>"; };
		CE25EFC51D36F39B00F2EEA4 /* SKTTimingFunctions.swift */ = {isa = PBXFileReference; fileEncoding = 4; lastKnownFileType = sourcecode.swift; path = SKTTimingFunctions.swift; sourceTree = "<group>"; };
		CE25EFC61D36F39B00F2EEA4 /* Vector3.swift */ = {isa = PBXFileReference; fileEncoding = 4; lastKnownFileType = sourcecode.swift; path = Vector3.swift; sourceTree = "<group>"; };
		CE25EFD91D384A3500F2EEA4 /* Jungle.sks */ = {isa = PBXFileReference; lastKnownFileType = file.sks; path = Jungle.sks; sourceTree = "<group>"; };
		CE3DD9101D3860D80009F3B0 /* MSReferenceNode.swift */ = {isa = PBXFileReference; fileEncoding = 4; lastKnownFileType = sourcecode.swift; path = MSReferenceNode.swift; sourceTree = "<group>"; };
		CE3DD9131D386B5D0009F3B0 /* greenLandscapeBackground_EmojiGame.png */ = {isa = PBXFileReference; lastKnownFileType = image.png; path = greenLandscapeBackground_EmojiGame.png; sourceTree = "<group>"; };
		CE3DD9141D386B5D0009F3B0 /* ground_EmojiGame.png */ = {isa = PBXFileReference; lastKnownFileType = image.png; path = ground_EmojiGame.png; sourceTree = "<group>"; };
		CE3DD9151D386B5D0009F3B0 /* mainCharacterEmojiGame.png */ = {isa = PBXFileReference; lastKnownFileType = image.png; path = mainCharacterEmojiGame.png; sourceTree = "<group>"; };
		CE9571F01D3873390018442B /* Jungle.swift */ = {isa = PBXFileReference; fileEncoding = 4; lastKnownFileType = sourcecode.swift; path = Jungle.swift; sourceTree = "<group>"; };
		CEE848931D3E9C4600FF800E /* rollingFaceEmojiGame.png */ = {isa = PBXFileReference; lastKnownFileType = image.png; path = rollingFaceEmojiGame.png; sourceTree = "<group>"; };
		CEE848951D3EC61B00FF800E /* Monkey.sks */ = {isa = PBXFileReference; lastKnownFileType = file.sks; path = Monkey.sks; sourceTree = "<group>"; };
		CEE848971D3ECD8900FF800E /* monkeyFaceEmojiGame.png */ = {isa = PBXFileReference; lastKnownFileType = image.png; path = monkeyFaceEmojiGame.png; sourceTree = "<group>"; };
		CEE848991D3ED33200FF800E /* MonkeyTree1.sks */ = {isa = PBXFileReference; lastKnownFileType = file.sks; path = MonkeyTree1.sks; sourceTree = "<group>"; };
		CEE8489D1D3EE85500FF800E /* MonkeyTree1.png */ = {isa = PBXFileReference; lastKnownFileType = image.png; path = MonkeyTree1.png; sourceTree = "<group>"; };
/* End PBXFileReference section */

/* Begin PBXFrameworksBuildPhase section */
		CE25EF581D34133600F2EEA4 /* Frameworks */ = {
			isa = PBXFrameworksBuildPhase;
			buildActionMask = 2147483647;
			files = (
			);
			runOnlyForDeploymentPostprocessing = 0;
		};
		CE25EF701D34133600F2EEA4 /* Frameworks */ = {
			isa = PBXFrameworksBuildPhase;
			buildActionMask = 2147483647;
			files = (
			);
			runOnlyForDeploymentPostprocessing = 0;
		};
		CE25EF7B1D34133600F2EEA4 /* Frameworks */ = {
			isa = PBXFrameworksBuildPhase;
			buildActionMask = 2147483647;
			files = (
			);
			runOnlyForDeploymentPostprocessing = 0;
		};
/* End PBXFrameworksBuildPhase section */

/* Begin PBXGroup section */
		CE25EF521D34133600F2EEA4 = {
			isa = PBXGroup;
			children = (
				CE25EF5D1D34133600F2EEA4 /* EmojiGame */,
				CE25EF761D34133600F2EEA4 /* EmojiGameTests */,
				CE25EF811D34133600F2EEA4 /* EmojiGameUITests */,
				CE25EF5C1D34133600F2EEA4 /* Products */,
			);
			sourceTree = "<group>";
		};
		CE25EF5C1D34133600F2EEA4 /* Products */ = {
			isa = PBXGroup;
			children = (
				CE25EF5B1D34133600F2EEA4 /* EmojiGame.app */,
				CE25EF731D34133600F2EEA4 /* EmojiGameTests.xctest */,
				CE25EF7E1D34133600F2EEA4 /* EmojiGameUITests.xctest */,
			);
			name = Products;
			sourceTree = "<group>";
		};
		CE25EF5D1D34133600F2EEA4 /* EmojiGame */ = {
			isa = PBXGroup;
			children = (
				CE25EFBA1D36F39B00F2EEA4 /* SKTUtils */,
				CE3DD9121D386B5D0009F3B0 /* assestsEmojiGameNew2 */,
				CE25EF5E1D34133600F2EEA4 /* AppDelegate.swift */,
				CE3DD9101D3860D80009F3B0 /* MSReferenceNode.swift */,
				CE25EF9C1D36C0E400F2EEA4 /* Characters */,
				CE25EFD81D384A1600F2EEA4 /* Levels */,
				CE25EF601D34133600F2EEA4 /* GameScene.sks */,
				CE25EF621D34133600F2EEA4 /* GameScene.swift */,
				CE25EF641D34133600F2EEA4 /* GameViewController.swift */,
				CE25EF661D34133600F2EEA4 /* Main.storyboard */,
				CE25EF691D34133600F2EEA4 /* Assets.xcassets */,
				CE25EF6B1D34133600F2EEA4 /* LaunchScreen.storyboard */,
				CE25EF6E1D34133600F2EEA4 /* Info.plist */,
			);
			path = EmojiGame;
			sourceTree = "<group>";
		};
		CE25EF761D34133600F2EEA4 /* EmojiGameTests */ = {
			isa = PBXGroup;
			children = (
				CE25EF771D34133600F2EEA4 /* EmojiGameTests.swift */,
				CE25EF791D34133600F2EEA4 /* Info.plist */,
			);
			path = EmojiGameTests;
			sourceTree = "<group>";
		};
		CE25EF811D34133600F2EEA4 /* EmojiGameUITests */ = {
			isa = PBXGroup;
			children = (
				CE25EF821D34133600F2EEA4 /* EmojiGameUITests.swift */,
				CE25EF841D34133600F2EEA4 /* Info.plist */,
			);
			path = EmojiGameUITests;
			sourceTree = "<group>";
		};
		CE25EF9C1D36C0E400F2EEA4 /* Characters */ = {
			isa = PBXGroup;
			children = (
				CE25EF9F1D36C17D00F2EEA4 /* MainCharacter.sks */,
				CEE848951D3EC61B00FF800E /* Monkey.sks */,
			);
			name = Characters;
			sourceTree = "<group>";
		};
		CE25EFBA1D36F39B00F2EEA4 /* SKTUtils */ = {
			isa = PBXGroup;
			children = (
				CE25EFBB1D36F39B00F2EEA4 /* CGFloat+Extensions.swift */,
				CE25EFBC1D36F39B00F2EEA4 /* CGPoint+Extensions.swift */,
				CE25EFBD1D36F39B00F2EEA4 /* CGVector+Extensions.swift */,
				CE25EFBE1D36F39B00F2EEA4 /* Int+Extensions.swift */,
				CE25EFBF1D36F39B00F2EEA4 /* SKAction+Extensions.swift */,
				CE25EFC01D36F39B00F2EEA4 /* SKAction+SpecialEffects.swift */,
				CE25EFC11D36F39B00F2EEA4 /* SKColor+Extensions.swift */,
				CE25EFC21D36F39B00F2EEA4 /* SKNode+Extensions.swift */,
				CE25EFC31D36F39B00F2EEA4 /* SKTAudio.swift */,
				CE25EFC41D36F39B00F2EEA4 /* SKTEffects.swift */,
				CE25EFC51D36F39B00F2EEA4 /* SKTTimingFunctions.swift */,
				CE25EFC61D36F39B00F2EEA4 /* Vector3.swift */,
			);
			path = SKTUtils;
			sourceTree = "<group>";
		};
		CE25EFD81D384A1600F2EEA4 /* Levels */ = {
			isa = PBXGroup;
			children = (
				CE25EFD91D384A3500F2EEA4 /* Jungle.sks */,
				CE9571F01D3873390018442B /* Jungle.swift */,
				CEE848991D3ED33200FF800E /* MonkeyTree1.sks */,
			);
			name = Levels;
			sourceTree = "<group>";
		};
		CE3DD9121D386B5D0009F3B0 /* assestsEmojiGameNew2 */ = {
			isa = PBXGroup;
			children = (
				CEE848971D3ECD8900FF800E /* monkeyFaceEmojiGame.png */,
				CEE8489D1D3EE85500FF800E /* MonkeyTree1.png */,
				CE3DD9131D386B5D0009F3B0 /* greenLandscapeBackground_EmojiGame.png */,
				CE3DD9141D386B5D0009F3B0 /* ground_EmojiGame.png */,
				CEE848931D3E9C4600FF800E /* rollingFaceEmojiGame.png */,
				CE3DD9151D386B5D0009F3B0 /* mainCharacterEmojiGame.png */,
			);
			path = assestsEmojiGameNew2;
			sourceTree = "<group>";
		};
/* End PBXGroup section */

/* Begin PBXNativeTarget section */
		CE25EF5A1D34133600F2EEA4 /* EmojiGame */ = {
			isa = PBXNativeTarget;
			buildConfigurationList = CE25EF871D34133600F2EEA4 /* Build configuration list for PBXNativeTarget "EmojiGame" */;
			buildPhases = (
				CE25EF571D34133600F2EEA4 /* Sources */,
				CE25EF581D34133600F2EEA4 /* Frameworks */,
				CE25EF591D34133600F2EEA4 /* Resources */,
			);
			buildRules = (
			);
			dependencies = (
			);
			name = EmojiGame;
			productName = EmojiGame;
			productReference = CE25EF5B1D34133600F2EEA4 /* EmojiGame.app */;
			productType = "com.apple.product-type.application";
		};
		CE25EF721D34133600F2EEA4 /* EmojiGameTests */ = {
			isa = PBXNativeTarget;
			buildConfigurationList = CE25EF8A1D34133600F2EEA4 /* Build configuration list for PBXNativeTarget "EmojiGameTests" */;
			buildPhases = (
				CE25EF6F1D34133600F2EEA4 /* Sources */,
				CE25EF701D34133600F2EEA4 /* Frameworks */,
				CE25EF711D34133600F2EEA4 /* Resources */,
			);
			buildRules = (
			);
			dependencies = (
				CE25EF751D34133600F2EEA4 /* PBXTargetDependency */,
			);
			name = EmojiGameTests;
			productName = EmojiGameTests;
			productReference = CE25EF731D34133600F2EEA4 /* EmojiGameTests.xctest */;
			productType = "com.apple.product-type.bundle.unit-test";
		};
		CE25EF7D1D34133600F2EEA4 /* EmojiGameUITests */ = {
			isa = PBXNativeTarget;
			buildConfigurationList = CE25EF8D1D34133600F2EEA4 /* Build configuration list for PBXNativeTarget "EmojiGameUITests" */;
			buildPhases = (
				CE25EF7A1D34133600F2EEA4 /* Sources */,
				CE25EF7B1D34133600F2EEA4 /* Frameworks */,
				CE25EF7C1D34133600F2EEA4 /* Resources */,
			);
			buildRules = (
			);
			dependencies = (
				CE25EF801D34133600F2EEA4 /* PBXTargetDependency */,
			);
			name = EmojiGameUITests;
			productName = EmojiGameUITests;
			productReference = CE25EF7E1D34133600F2EEA4 /* EmojiGameUITests.xctest */;
			productType = "com.apple.product-type.bundle.ui-testing";
		};
/* End PBXNativeTarget section */

/* Begin PBXProject section */
		CE25EF531D34133600F2EEA4 /* Project object */ = {
			isa = PBXProject;
			attributes = {
				LastSwiftUpdateCheck = 0730;
				LastUpgradeCheck = 0730;
				ORGANIZATIONNAME = "Jeff Barrasso";
				TargetAttributes = {
					CE25EF5A1D34133600F2EEA4 = {
						CreatedOnToolsVersion = 7.3.1;
					};
					CE25EF721D34133600F2EEA4 = {
						CreatedOnToolsVersion = 7.3.1;
						TestTargetID = CE25EF5A1D34133600F2EEA4;
					};
					CE25EF7D1D34133600F2EEA4 = {
						CreatedOnToolsVersion = 7.3.1;
						TestTargetID = CE25EF5A1D34133600F2EEA4;
					};
				};
			};
			buildConfigurationList = CE25EF561D34133600F2EEA4 /* Build configuration list for PBXProject "EmojiGame" */;
			compatibilityVersion = "Xcode 3.2";
			developmentRegion = English;
			hasScannedForEncodings = 0;
			knownRegions = (
				en,
				Base,
			);
			mainGroup = CE25EF521D34133600F2EEA4;
			productRefGroup = CE25EF5C1D34133600F2EEA4 /* Products */;
			projectDirPath = "";
			projectRoot = "";
			targets = (
				CE25EF5A1D34133600F2EEA4 /* EmojiGame */,
				CE25EF721D34133600F2EEA4 /* EmojiGameTests */,
				CE25EF7D1D34133600F2EEA4 /* EmojiGameUITests */,
			);
		};
/* End PBXProject section */

/* Begin PBXResourcesBuildPhase section */
		CE25EF591D34133600F2EEA4 /* Resources */ = {
			isa = PBXResourcesBuildPhase;
			buildActionMask = 2147483647;
			files = (
				CE25EF611D34133600F2EEA4 /* GameScene.sks in Resources */,
				CE3DD9181D386B5D0009F3B0 /* mainCharacterEmojiGame.png in Resources */,
				CEE848981D3ECD8900FF800E /* monkeyFaceEmojiGame.png in Resources */,
				CE25EFDA1D384A3500F2EEA4 /* Jungle.sks in Resources */,
				CE3DD9161D386B5D0009F3B0 /* greenLandscapeBackground_EmojiGame.png in Resources */,
				CE3DD9171D386B5D0009F3B0 /* ground_EmojiGame.png in Resources */,
				CEE8489A1D3ED33200FF800E /* MonkeyTree1.sks in Resources */,
				CE25EFA01D36C17D00F2EEA4 /* MainCharacter.sks in Resources */,
				CEE8489E1D3EE85500FF800E /* MonkeyTree1.png in Resources */,
				CE25EF6D1D34133600F2EEA4 /* LaunchScreen.storyboard in Resources */,
				CEE848941D3E9C4600FF800E /* rollingFaceEmojiGame.png in Resources */,
				CE25EF6A1D34133600F2EEA4 /* Assets.xcassets in Resources */,
				CE25EF681D34133600F2EEA4 /* Main.storyboard in Resources */,
				CEE848961D3EC61B00FF800E /* Monkey.sks in Resources */,
			);
			runOnlyForDeploymentPostprocessing = 0;
		};
		CE25EF711D34133600F2EEA4 /* Resources */ = {
			isa = PBXResourcesBuildPhase;
			buildActionMask = 2147483647;
			files = (
			);
			runOnlyForDeploymentPostprocessing = 0;
		};
		CE25EF7C1D34133600F2EEA4 /* Resources */ = {
			isa = PBXResourcesBuildPhase;
			buildActionMask = 2147483647;
			files = (
			);
			runOnlyForDeploymentPostprocessing = 0;
		};
/* End PBXResourcesBuildPhase section */

/* Begin PBXSourcesBuildPhase section */
		CE25EF571D34133600F2EEA4 /* Sources */ = {
			isa = PBXSourcesBuildPhase;
			buildActionMask = 2147483647;
			files = (
				CE25EF631D34133600F2EEA4 /* GameScene.swift in Sources */,
				CE9571F11D3873390018442B /* Jungle.swift in Sources */,
				CE25EFC81D36F39B00F2EEA4 /* CGPoint+Extensions.swift in Sources */,
				CE25EFD11D36F39B00F2EEA4 /* SKTTimingFunctions.swift in Sources */,
				CE25EFD01D36F39B00F2EEA4 /* SKTEffects.swift in Sources */,
				CE25EFCC1D36F39B00F2EEA4 /* SKAction+SpecialEffects.swift in Sources */,
				CE3DD9111D3860D80009F3B0 /* MSReferenceNode.swift in Sources */,
				CE25EFC91D36F39B00F2EEA4 /* CGVector+Extensions.swift in Sources */,
				CE25EFCB1D36F39B00F2EEA4 /* SKAction+Extensions.swift in Sources */,
				CE25EFCD1D36F39B00F2EEA4 /* SKColor+Extensions.swift in Sources */,
				CE25EF651D34133600F2EEA4 /* GameViewController.swift in Sources */,
				CE25EFCA1D36F39B00F2EEA4 /* Int+Extensions.swift in Sources */,
				CE25EFCE1D36F39B00F2EEA4 /* SKNode+Extensions.swift in Sources */,
				CE25EFCF1D36F39B00F2EEA4 /* SKTAudio.swift in Sources */,
				CE25EFC71D36F39B00F2EEA4 /* CGFloat+Extensions.swift in Sources */,
				CE25EFD21D36F39B00F2EEA4 /* Vector3.swift in Sources */,
				CE25EF5F1D34133600F2EEA4 /* AppDelegate.swift in Sources */,
			);
			runOnlyForDeploymentPostprocessing = 0;
		};
		CE25EF6F1D34133600F2EEA4 /* Sources */ = {
			isa = PBXSourcesBuildPhase;
			buildActionMask = 2147483647;
			files = (
				CE25EF781D34133600F2EEA4 /* EmojiGameTests.swift in Sources */,
			);
			runOnlyForDeploymentPostprocessing = 0;
		};
		CE25EF7A1D34133600F2EEA4 /* Sources */ = {
			isa = PBXSourcesBuildPhase;
			buildActionMask = 2147483647;
			files = (
				CE25EF831D34133600F2EEA4 /* EmojiGameUITests.swift in Sources */,
			);
			runOnlyForDeploymentPostprocessing = 0;
		};
/* End PBXSourcesBuildPhase section */

/* Begin PBXTargetDependency section */
		CE25EF751D34133600F2EEA4 /* PBXTargetDependency */ = {
			isa = PBXTargetDependency;
			target = CE25EF5A1D34133600F2EEA4 /* EmojiGame */;
			targetProxy = CE25EF741D34133600F2EEA4 /* PBXContainerItemProxy */;
		};
		CE25EF801D34133600F2EEA4 /* PBXTargetDependency */ = {
			isa = PBXTargetDependency;
			target = CE25EF5A1D34133600F2EEA4 /* EmojiGame */;
			targetProxy = CE25EF7F1D34133600F2EEA4 /* PBXContainerItemProxy */;
		};
/* End PBXTargetDependency section */

/* Begin PBXVariantGroup section */
		CE25EF661D34133600F2EEA4 /* Main.storyboard */ = {
			isa = PBXVariantGroup;
			children = (
				CE25EF671D34133600F2EEA4 /* Base */,
			);
			name = Main.storyboard;
			sourceTree = "<group>";
		};
		CE25EF6B1D34133600F2EEA4 /* LaunchScreen.storyboard */ = {
			isa = PBXVariantGroup;
			children = (
				CE25EF6C1D34133600F2EEA4 /* Base */,
			);
			name = LaunchScreen.storyboard;
			sourceTree = "<group>";
		};
/* End PBXVariantGroup section */

/* Begin XCBuildConfiguration section */
		CE25EF851D34133600F2EEA4 /* Debug */ = {
			isa = XCBuildConfiguration;
			buildSettings = {
				ALWAYS_SEARCH_USER_PATHS = NO;
				CLANG_ANALYZER_NONNULL = YES;
				CLANG_CXX_LANGUAGE_STANDARD = "gnu++0x";
				CLANG_CXX_LIBRARY = "libc++";
				CLANG_ENABLE_MODULES = YES;
				CLANG_ENABLE_OBJC_ARC = YES;
				CLANG_WARN_BOOL_CONVERSION = YES;
				CLANG_WARN_CONSTANT_CONVERSION = YES;
				CLANG_WARN_DIRECT_OBJC_ISA_USAGE = YES_ERROR;
				CLANG_WARN_EMPTY_BODY = YES;
				CLANG_WARN_ENUM_CONVERSION = YES;
				CLANG_WARN_INT_CONVERSION = YES;
				CLANG_WARN_OBJC_ROOT_CLASS = YES_ERROR;
				CLANG_WARN_UNREACHABLE_CODE = YES;
				CLANG_WARN__DUPLICATE_METHOD_MATCH = YES;
				"CODE_SIGN_IDENTITY[sdk=iphoneos*]" = "iPhone Developer";
				COPY_PHASE_STRIP = NO;
				DEBUG_INFORMATION_FORMAT = "dwarf-with-dsym";
				ENABLE_STRICT_OBJC_MSGSEND = YES;
				ENABLE_TESTABILITY = YES;
				GCC_C_LANGUAGE_STANDARD = gnu99;
				GCC_DYNAMIC_NO_PIC = NO;
				GCC_NO_COMMON_BLOCKS = YES;
				GCC_OPTIMIZATION_LEVEL = 0;
				GCC_PREPROCESSOR_DEFINITIONS = (
					"DEBUG=1",
					"$(inherited)",
				);
				GCC_WARN_64_TO_32_BIT_CONVERSION = YES;
				GCC_WARN_ABOUT_RETURN_TYPE = YES_ERROR;
				GCC_WARN_UNDECLARED_SELECTOR = YES;
				GCC_WARN_UNINITIALIZED_AUTOS = YES_AGGRESSIVE;
				GCC_WARN_UNUSED_FUNCTION = YES;
				GCC_WARN_UNUSED_VARIABLE = YES;
				IPHONEOS_DEPLOYMENT_TARGET = 9.3;
				MTL_ENABLE_DEBUG_INFO = YES;
				ONLY_ACTIVE_ARCH = YES;
				SDKROOT = iphoneos;
				SWIFT_OPTIMIZATION_LEVEL = "-Onone";
				TARGETED_DEVICE_FAMILY = "1,2";
			};
			name = Debug;
		};
		CE25EF861D34133600F2EEA4 /* Release */ = {
			isa = XCBuildConfiguration;
			buildSettings = {
				ALWAYS_SEARCH_USER_PATHS = NO;
				CLANG_ANALYZER_NONNULL = YES;
				CLANG_CXX_LANGUAGE_STANDARD = "gnu++0x";
				CLANG_CXX_LIBRARY = "libc++";
				CLANG_ENABLE_MODULES = YES;
				CLANG_ENABLE_OBJC_ARC = YES;
				CLANG_WARN_BOOL_CONVERSION = YES;
				CLANG_WARN_CONSTANT_CONVERSION = YES;
				CLANG_WARN_DIRECT_OBJC_ISA_USAGE = YES_ERROR;
				CLANG_WARN_EMPTY_BODY = YES;
				CLANG_WARN_ENUM_CONVERSION = YES;
				CLANG_WARN_INT_CONVERSION = YES;
				CLANG_WARN_OBJC_ROOT_CLASS = YES_ERROR;
				CLANG_WARN_UNREACHABLE_CODE = YES;
				CLANG_WARN__DUPLICATE_METHOD_MATCH = YES;
				"CODE_SIGN_IDENTITY[sdk=iphoneos*]" = "iPhone Developer";
				COPY_PHASE_STRIP = NO;
				DEBUG_INFORMATION_FORMAT = "dwarf-with-dsym";
				ENABLE_NS_ASSERTIONS = NO;
				ENABLE_STRICT_OBJC_MSGSEND = YES;
				GCC_C_LANGUAGE_STANDARD = gnu99;
				GCC_NO_COMMON_BLOCKS = YES;
				GCC_WARN_64_TO_32_BIT_CONVERSION = YES;
				GCC_WARN_ABOUT_RETURN_TYPE = YES_ERROR;
				GCC_WARN_UNDECLARED_SELECTOR = YES;
				GCC_WARN_UNINITIALIZED_AUTOS = YES_AGGRESSIVE;
				GCC_WARN_UNUSED_FUNCTION = YES;
				GCC_WARN_UNUSED_VARIABLE = YES;
				IPHONEOS_DEPLOYMENT_TARGET = 9.3;
				MTL_ENABLE_DEBUG_INFO = NO;
				SDKROOT = iphoneos;
				TARGETED_DEVICE_FAMILY = "1,2";
				VALIDATE_PRODUCT = YES;
			};
			name = Release;
		};
		CE25EF881D34133600F2EEA4 /* Debug */ = {
			isa = XCBuildConfiguration;
			buildSettings = {
				ASSETCATALOG_COMPILER_APPICON_NAME = AppIcon;
				INFOPLIST_FILE = EmojiGame/Info.plist;
				LD_RUNPATH_SEARCH_PATHS = "$(inherited) @executable_path/Frameworks";
				PRODUCT_BUNDLE_IDENTIFIER = com.jeffbarrasso.EmojiGame;
				PRODUCT_NAME = "$(TARGET_NAME)";
			};
			name = Debug;
		};
		CE25EF891D34133600F2EEA4 /* Release */ = {
			isa = XCBuildConfiguration;
			buildSettings = {
				ASSETCATALOG_COMPILER_APPICON_NAME = AppIcon;
				INFOPLIST_FILE = EmojiGame/Info.plist;
				LD_RUNPATH_SEARCH_PATHS = "$(inherited) @executable_path/Frameworks";
				PRODUCT_BUNDLE_IDENTIFIER = com.jeffbarrasso.EmojiGame;
				PRODUCT_NAME = "$(TARGET_NAME)";
			};
			name = Release;
		};
		CE25EF8B1D34133600F2EEA4 /* Debug */ = {
			isa = XCBuildConfiguration;
			buildSettings = {
				BUNDLE_LOADER = "$(TEST_HOST)";
				DEBUG_INFORMATION_FORMAT = dwarf;
				INFOPLIST_FILE = EmojiGameTests/Info.plist;
				LD_RUNPATH_SEARCH_PATHS = "$(inherited) @executable_path/Frameworks @loader_path/Frameworks";
				PRODUCT_BUNDLE_IDENTIFIER = com.jeffbarrasso.EmojiGameTests;
				PRODUCT_NAME = "$(TARGET_NAME)";
				TEST_HOST = "$(BUILT_PRODUCTS_DIR)/EmojiGame.app/EmojiGame";
			};
			name = Debug;
		};
		CE25EF8C1D34133600F2EEA4 /* Release */ = {
			isa = XCBuildConfiguration;
			buildSettings = {
				BUNDLE_LOADER = "$(TEST_HOST)";
				INFOPLIST_FILE = EmojiGameTests/Info.plist;
				LD_RUNPATH_SEARCH_PATHS = "$(inherited) @executable_path/Frameworks @loader_path/Frameworks";
				PRODUCT_BUNDLE_IDENTIFIER = com.jeffbarrasso.EmojiGameTests;
				PRODUCT_NAME = "$(TARGET_NAME)";
				TEST_HOST = "$(BUILT_PRODUCTS_DIR)/EmojiGame.app/EmojiGame";
			};
			name = Release;
		};
		CE25EF8E1D34133600F2EEA4 /* Debug */ = {
			isa = XCBuildConfiguration;
			buildSettings = {
				DEBUG_INFORMATION_FORMAT = dwarf;
				INFOPLIST_FILE = EmojiGameUITests/Info.plist;
				LD_RUNPATH_SEARCH_PATHS = "$(inherited) @executable_path/Frameworks @loader_path/Frameworks";
				PRODUCT_BUNDLE_IDENTIFIER = com.jeffbarrasso.EmojiGameUITests;
				PRODUCT_NAME = "$(TARGET_NAME)";
				TEST_TARGET_NAME = EmojiGame;
			};
			name = Debug;
		};
		CE25EF8F1D34133600F2EEA4 /* Release */ = {
			isa = XCBuildConfiguration;
			buildSettings = {
				INFOPLIST_FILE = EmojiGameUITests/Info.plist;
				LD_RUNPATH_SEARCH_PATHS = "$(inherited) @executable_path/Frameworks @loader_path/Frameworks";
				PRODUCT_BUNDLE_IDENTIFIER = com.jeffbarrasso.EmojiGameUITests;
				PRODUCT_NAME = "$(TARGET_NAME)";
				TEST_TARGET_NAME = EmojiGame;
			};
			name = Release;
		};
/* End XCBuildConfiguration section */

/* Begin XCConfigurationList section */
		CE25EF561D34133600F2EEA4 /* Build configuration list for PBXProject "EmojiGame" */ = {
			isa = XCConfigurationList;
			buildConfigurations = (
				CE25EF851D34133600F2EEA4 /* Debug */,
				CE25EF861D34133600F2EEA4 /* Release */,
			);
			defaultConfigurationIsVisible = 0;
			defaultConfigurationName = Release;
		};
		CE25EF871D34133600F2EEA4 /* Build configuration list for PBXNativeTarget "EmojiGame" */ = {
			isa = XCConfigurationList;
			buildConfigurations = (
				CE25EF881D34133600F2EEA4 /* Debug */,
				CE25EF891D34133600F2EEA4 /* Release */,
			);
			defaultConfigurationIsVisible = 0;
			defaultConfigurationName = Release;
		};
		CE25EF8A1D34133600F2EEA4 /* Build configuration list for PBXNativeTarget "EmojiGameTests" */ = {
			isa = XCConfigurationList;
			buildConfigurations = (
				CE25EF8B1D34133600F2EEA4 /* Debug */,
				CE25EF8C1D34133600F2EEA4 /* Release */,
			);
			defaultConfigurationIsVisible = 0;
			defaultConfigurationName = Release;
		};
		CE25EF8D1D34133600F2EEA4 /* Build configuration list for PBXNativeTarget "EmojiGameUITests" */ = {
			isa = XCConfigurationList;
			buildConfigurations = (
				CE25EF8E1D34133600F2EEA4 /* Debug */,
				CE25EF8F1D34133600F2EEA4 /* Release */,
			);
			defaultConfigurationIsVisible = 0;
			defaultConfigurationName = Release;
		};
/* End XCConfigurationList section */
	};
	rootObject = CE25EF531D34133600F2EEA4 /* Project object */;
}
